// !$*UTF8*$!
{
	archiveVersion = 1;
	classes = {
	};
	objectVersion = 50;
	objects = {

/* Begin PBXBuildFile section */
		ABB04E622515481A0038D75C /* CVPixelBuffer+SimpleDALPlugin.swift in Sources */ = {isa = PBXBuildFile; fileRef = ABB04E572515481A0038D75C /* CVPixelBuffer+SimpleDALPlugin.swift */; };
		ABB04E632515481A0038D75C /* PluginInterface.swift in Sources */ = {isa = PBXBuildFile; fileRef = ABB04E582515481A0038D75C /* PluginInterface.swift */; };
		ABB04E642515481A0038D75C /* Property.swift in Sources */ = {isa = PBXBuildFile; fileRef = ABB04E592515481A0038D75C /* Property.swift */; };
		ABB04E652515481A0038D75C /* Stream.swift in Sources */ = {isa = PBXBuildFile; fileRef = ABB04E5A2515481A0038D75C /* Stream.swift */; };
		ABB04E662515481A0038D75C /* Main.swift in Sources */ = {isa = PBXBuildFile; fileRef = ABB04E5B2515481A0038D75C /* Main.swift */; };
		ABB04E672515481A0038D75C /* Object.swift in Sources */ = {isa = PBXBuildFile; fileRef = ABB04E5C2515481A0038D75C /* Object.swift */; };
		ABB04E682515481A0038D75C /* Plugin.swift in Sources */ = {isa = PBXBuildFile; fileRef = ABB04E5D2515481A0038D75C /* Plugin.swift */; };
		ABB04E692515481A0038D75C /* Log.swift in Sources */ = {isa = PBXBuildFile; fileRef = ABB04E5E2515481A0038D75C /* Log.swift */; };
		ABB04E6A2515481A0038D75C /* CameraCapture.swift in Sources */ = {isa = PBXBuildFile; fileRef = ABB04E5F2515481A0038D75C /* CameraCapture.swift */; };
		ABB04E6B2515481A0038D75C /* VideoComposer.swift in Sources */ = {isa = PBXBuildFile; fileRef = ABB04E602515481A0038D75C /* VideoComposer.swift */; };
		ABB04E7225154B1F0038D75C /* Device.swift in Sources */ = {isa = PBXBuildFile; fileRef = ABB04E7125154B1F0038D75C /* Device.swift */; };
		ABB04E7F2515A8140038D75C /* AppDelegate.swift in Sources */ = {isa = PBXBuildFile; fileRef = ABB04E7E2515A8140038D75C /* AppDelegate.swift */; };
		ABB04E812515A8140038D75C /* ViewController.swift in Sources */ = {isa = PBXBuildFile; fileRef = ABB04E802515A8140038D75C /* ViewController.swift */; };
		ABB04E832515A8160038D75C /* Assets.xcassets in Resources */ = {isa = PBXBuildFile; fileRef = ABB04E822515A8160038D75C /* Assets.xcassets */; };
		ABB04E862515A8160038D75C /* Main.storyboard in Resources */ = {isa = PBXBuildFile; fileRef = ABB04E842515A8160038D75C /* Main.storyboard */; };
		ABB04E9D25162D310038D75C /* WindowController.swift in Sources */ = {isa = PBXBuildFile; fileRef = ABB04E9C25162D310038D75C /* WindowController.swift */; };
		ABB04EB125194A7D0038D75C /* Config.swift in Sources */ = {isa = PBXBuildFile; fileRef = ABB04EAF25194A7D0038D75C /* Config.swift */; };
		ABB04EB225194A7D0038D75C /* Config.swift in Sources */ = {isa = PBXBuildFile; fileRef = ABB04EAF25194A7D0038D75C /* Config.swift */; };
		ABB04EB325194A7D0038D75C /* SettingsPasteboard.swift in Sources */ = {isa = PBXBuildFile; fileRef = ABB04EB025194A7D0038D75C /* SettingsPasteboard.swift */; };
		ABB04EB425194A7D0038D75C /* SettingsPasteboard.swift in Sources */ = {isa = PBXBuildFile; fileRef = ABB04EB025194A7D0038D75C /* SettingsPasteboard.swift */; };
		FA4075F925E54AE90043F32F /* DeepAR.framework in Frameworks */ = {isa = PBXBuildFile; fileRef = FA4075DD25E53E0E0043F32F /* DeepAR.framework */; };
		FA4075FA25E54AE90043F32F /* DeepAR.framework in Embed Frameworks */ = {isa = PBXBuildFile; fileRef = FA4075DD25E53E0E0043F32F /* DeepAR.framework */; settings = {ATTRIBUTES = (CodeSignOnCopy, RemoveHeadersOnCopy, ); }; };
		FAEB5B7A25E55756009273E7 /* DeepAR.framework in Frameworks */ = {isa = PBXBuildFile; fileRef = FA4075DD25E53E0E0043F32F /* DeepAR.framework */; };
		FAEB5B7B25E55756009273E7 /* DeepAR.framework in Embed Frameworks */ = {isa = PBXBuildFile; fileRef = FA4075DD25E53E0E0043F32F /* DeepAR.framework */; settings = {ATTRIBUTES = (CodeSignOnCopy, RemoveHeadersOnCopy, ); }; };
		FAEB5B7E25E65303009273E7 /* SampleComposerObj.swift in Sources */ = {isa = PBXBuildFile; fileRef = FAEB5B7D25E65303009273E7 /* SampleComposerObj.swift */; };
		FAF2D26325EFA195003EEEA5 /* FilterCollectionViewItem.swift in Sources */ = {isa = PBXBuildFile; fileRef = FAF2D26225EFA195003EEEA5 /* FilterCollectionViewItem.swift */; };
		FAF2D26525EFA270003EEEA5 /* Filters.swift in Sources */ = {isa = PBXBuildFile; fileRef = FAF2D26425EFA270003EEEA5 /* Filters.swift */; };
		FAF2D26725EFA3BA003EEEA5 /* FilterObject.swift in Sources */ = {isa = PBXBuildFile; fileRef = FAF2D26625EFA3BA003EEEA5 /* FilterObject.swift */; };
		FAF2D27125EFBE1F003EEEA5 /* FilterCollectionViewItem.xib in Resources */ = {isa = PBXBuildFile; fileRef = FAF2D27025EFBE1F003EEEA5 /* FilterCollectionViewItem.xib */; };
		FAF2D27325EFC83D003EEEA5 /* SettingsViewController.swift in Sources */ = {isa = PBXBuildFile; fileRef = FAF2D27225EFC83D003EEEA5 /* SettingsViewController.swift */; };
		FAF2D29925EFD137003EEEA5 /* glitter in Resources */ = {isa = PBXBuildFile; fileRef = FAF2D27425EFD136003EEEA5 /* glitter */; };
		FAF2D29A25EFD137003EEEA5 /* night_rider in Resources */ = {isa = PBXBuildFile; fileRef = FAF2D27525EFD136003EEEA5 /* night_rider */; };
		FAF2D29B25EFD137003EEEA5 /* velvet in Resources */ = {isa = PBXBuildFile; fileRef = FAF2D27625EFD136003EEEA5 /* velvet */; };
		FAF2D29C25EFD137003EEEA5 /* blue_laser in Resources */ = {isa = PBXBuildFile; fileRef = FAF2D27725EFD136003EEEA5 /* blue_laser */; };
		FAF2D29D25EFD137003EEEA5 /* glitch in Resources */ = {isa = PBXBuildFile; fileRef = FAF2D27825EFD136003EEEA5 /* glitch */; };
		FAF2D29E25EFD137003EEEA5 /* trident_splash in Resources */ = {isa = PBXBuildFile; fileRef = FAF2D27925EFD136003EEEA5 /* trident_splash */; };
		FAF2D29F25EFD137003EEEA5 /* trippy in Resources */ = {isa = PBXBuildFile; fileRef = FAF2D27A25EFD136003EEEA5 /* trippy */; };
		FAF2D2A025EFD137003EEEA5 /* night_vision in Resources */ = {isa = PBXBuildFile; fileRef = FAF2D27B25EFD136003EEEA5 /* night_vision */; };
		FAF2D2A125EFD137003EEEA5 /* mad_max in Resources */ = {isa = PBXBuildFile; fileRef = FAF2D27C25EFD136003EEEA5 /* mad_max */; };
		FAF2D2A225EFD137003EEEA5 /* vhs in Resources */ = {isa = PBXBuildFile; fileRef = FAF2D27D25EFD136003EEEA5 /* vhs */; };
		FAF2D2A325EFD137003EEEA5 /* caustics in Resources */ = {isa = PBXBuildFile; fileRef = FAF2D27E25EFD137003EEEA5 /* caustics */; };
		FAF2D2A425EFD137003EEEA5 /* displaced_glow in Resources */ = {isa = PBXBuildFile; fileRef = FAF2D27F25EFD137003EEEA5 /* displaced_glow */; };
		FAF2D2A525EFD137003EEEA5 /* old_film_dust in Resources */ = {isa = PBXBuildFile; fileRef = FAF2D28025EFD137003EEEA5 /* old_film_dust */; };
		FAF2D2A625EFD137003EEEA5 /* glitch_v2 in Resources */ = {isa = PBXBuildFile; fileRef = FAF2D28125EFD137003EEEA5 /* glitch_v2 */; };
		FAF2D2A725EFD137003EEEA5 /* dreamy_bloom in Resources */ = {isa = PBXBuildFile; fileRef = FAF2D28225EFD137003EEEA5 /* dreamy_bloom */; };
		FAF2D2A825EFD137003EEEA5 /* club_party_lights in Resources */ = {isa = PBXBuildFile; fileRef = FAF2D28325EFD137003EEEA5 /* club_party_lights */; };
		FAF2D2A925EFD137003EEEA5 /* stars in Resources */ = {isa = PBXBuildFile; fileRef = FAF2D28425EFD137003EEEA5 /* stars */; };
		FAF2D2AA25EFD137003EEEA5 /* super_grainy in Resources */ = {isa = PBXBuildFile; fileRef = FAF2D28525EFD137003EEEA5 /* super_grainy */; };
		FAF2D2AB25EFD137003EEEA5 /* overlay_fire in Resources */ = {isa = PBXBuildFile; fileRef = FAF2D28625EFD137003EEEA5 /* overlay_fire */; };
		FAF2D2AC25EFD137003EEEA5 /* lens_flare in Resources */ = {isa = PBXBuildFile; fileRef = FAF2D28725EFD137003EEEA5 /* lens_flare */; };
		FAF2D2AD25EFD137003EEEA5 /* bone in Resources */ = {isa = PBXBuildFile; fileRef = FAF2D28825EFD137003EEEA5 /* bone */; };
		FAF2D2AE25EFD137003EEEA5 /* chromatic_aberration in Resources */ = {isa = PBXBuildFile; fileRef = FAF2D28925EFD137003EEEA5 /* chromatic_aberration */; };
		FAF2D2AF25EFD137003EEEA5 /* static_strong in Resources */ = {isa = PBXBuildFile; fileRef = FAF2D28A25EFD137003EEEA5 /* static_strong */; };
		FAF2D2B025EFD137003EEEA5 /* matrix in Resources */ = {isa = PBXBuildFile; fileRef = FAF2D28B25EFD137003EEEA5 /* matrix */; };
		FAF2D2B125EFD137003EEEA5 /* blood_moon in Resources */ = {isa = PBXBuildFile; fileRef = FAF2D28C25EFD137003EEEA5 /* blood_moon */; };
		FAF2D2B225EFD137003EEEA5 /* cyber_ghost in Resources */ = {isa = PBXBuildFile; fileRef = FAF2D28D25EFD137003EEEA5 /* cyber_ghost */; };
		FAF2D2B325EFD137003EEEA5 /* bubble_gum in Resources */ = {isa = PBXBuildFile; fileRef = FAF2D28E25EFD137003EEEA5 /* bubble_gum */; };
		FAF2D2B425EFD137003EEEA5 /* green_laser in Resources */ = {isa = PBXBuildFile; fileRef = FAF2D28F25EFD137003EEEA5 /* green_laser */; };
		FAF2D2B525EFD137003EEEA5 /* green_vision in Resources */ = {isa = PBXBuildFile; fileRef = FAF2D29025EFD137003EEEA5 /* green_vision */; };
		FAF2D2B625EFD137003EEEA5 /* old_film in Resources */ = {isa = PBXBuildFile; fileRef = FAF2D29125EFD137003EEEA5 /* old_film */; };
		FAF2D2B725EFD137003EEEA5 /* glowygoo in Resources */ = {isa = PBXBuildFile; fileRef = FAF2D29225EFD137003EEEA5 /* glowygoo */; };
		FAF2D2B825EFD137003EEEA5 /* fireflies in Resources */ = {isa = PBXBuildFile; fileRef = FAF2D29325EFD137003EEEA5 /* fireflies */; };
		FAF2D2B925EFD137003EEEA5 /* thermal_vision in Resources */ = {isa = PBXBuildFile; fileRef = FAF2D29425EFD137003EEEA5 /* thermal_vision */; };
		FAF2D2BA25EFD137003EEEA5 /* smoke in Resources */ = {isa = PBXBuildFile; fileRef = FAF2D29525EFD137003EEEA5 /* smoke */; };
		FAF2D2BB25EFD137003EEEA5 /* velvet-2 in Resources */ = {isa = PBXBuildFile; fileRef = FAF2D29625EFD137003EEEA5 /* velvet-2 */; };
		FAF2D2BC25EFD137003EEEA5 /* static in Resources */ = {isa = PBXBuildFile; fileRef = FAF2D29725EFD137003EEEA5 /* static */; };
		FAF2D2BD25EFD137003EEEA5 /* b&w in Resources */ = {isa = PBXBuildFile; fileRef = FAF2D29825EFD137003EEEA5 /* b&w */; };
		FAF2D2E325EFF202003EEEA5 /* overlay_fire in Resources */ = {isa = PBXBuildFile; fileRef = FAF2D2BE25EFF201003EEEA5 /* overlay_fire */; };
		FAF2D2E425EFF202003EEEA5 /* club_party_lights in Resources */ = {isa = PBXBuildFile; fileRef = FAF2D2BF25EFF201003EEEA5 /* club_party_lights */; };
		FAF2D2E525EFF202003EEEA5 /* cyber_ghost in Resources */ = {isa = PBXBuildFile; fileRef = FAF2D2C025EFF201003EEEA5 /* cyber_ghost */; };
		FAF2D2E625EFF202003EEEA5 /* chromatic_aberration in Resources */ = {isa = PBXBuildFile; fileRef = FAF2D2C125EFF201003EEEA5 /* chromatic_aberration */; };
		FAF2D2E725EFF202003EEEA5 /* glowygoo in Resources */ = {isa = PBXBuildFile; fileRef = FAF2D2C225EFF201003EEEA5 /* glowygoo */; };
		FAF2D2E825EFF202003EEEA5 /* b&w in Resources */ = {isa = PBXBuildFile; fileRef = FAF2D2C325EFF201003EEEA5 /* b&w */; };
		FAF2D2E925EFF202003EEEA5 /* green_laser in Resources */ = {isa = PBXBuildFile; fileRef = FAF2D2C425EFF201003EEEA5 /* green_laser */; };
		FAF2D2EA25EFF202003EEEA5 /* lens_flare in Resources */ = {isa = PBXBuildFile; fileRef = FAF2D2C525EFF201003EEEA5 /* lens_flare */; };
		FAF2D2EB25EFF202003EEEA5 /* green_vision in Resources */ = {isa = PBXBuildFile; fileRef = FAF2D2C625EFF201003EEEA5 /* green_vision */; };
		FAF2D2EC25EFF202003EEEA5 /* smoke in Resources */ = {isa = PBXBuildFile; fileRef = FAF2D2C725EFF201003EEEA5 /* smoke */; };
		FAF2D2ED25EFF202003EEEA5 /* trident_splash in Resources */ = {isa = PBXBuildFile; fileRef = FAF2D2C825EFF201003EEEA5 /* trident_splash */; };
		FAF2D2EE25EFF202003EEEA5 /* velvet in Resources */ = {isa = PBXBuildFile; fileRef = FAF2D2C925EFF201003EEEA5 /* velvet */; };
		FAF2D2EF25EFF202003EEEA5 /* glitch in Resources */ = {isa = PBXBuildFile; fileRef = FAF2D2CA25EFF201003EEEA5 /* glitch */; };
		FAF2D2F025EFF202003EEEA5 /* old_film_dust in Resources */ = {isa = PBXBuildFile; fileRef = FAF2D2CB25EFF201003EEEA5 /* old_film_dust */; };
		FAF2D2F125EFF202003EEEA5 /* vhs in Resources */ = {isa = PBXBuildFile; fileRef = FAF2D2CC25EFF201003EEEA5 /* vhs */; };
		FAF2D2F225EFF202003EEEA5 /* caustics in Resources */ = {isa = PBXBuildFile; fileRef = FAF2D2CD25EFF201003EEEA5 /* caustics */; };
		FAF2D2F325EFF202003EEEA5 /* displaced_glow in Resources */ = {isa = PBXBuildFile; fileRef = FAF2D2CE25EFF201003EEEA5 /* displaced_glow */; };
		FAF2D2F425EFF202003EEEA5 /* mad_max in Resources */ = {isa = PBXBuildFile; fileRef = FAF2D2CF25EFF201003EEEA5 /* mad_max */; };
		FAF2D2F525EFF202003EEEA5 /* velvet-2 in Resources */ = {isa = PBXBuildFile; fileRef = FAF2D2D025EFF201003EEEA5 /* velvet-2 */; };
		FAF2D2F625EFF202003EEEA5 /* glitch_v2 in Resources */ = {isa = PBXBuildFile; fileRef = FAF2D2D125EFF201003EEEA5 /* glitch_v2 */; };
		FAF2D2F725EFF202003EEEA5 /* bubble_gum in Resources */ = {isa = PBXBuildFile; fileRef = FAF2D2D225EFF201003EEEA5 /* bubble_gum */; };
		FAF2D2F825EFF202003EEEA5 /* bone in Resources */ = {isa = PBXBuildFile; fileRef = FAF2D2D325EFF202003EEEA5 /* bone */; };
		FAF2D2F925EFF202003EEEA5 /* super_grainy in Resources */ = {isa = PBXBuildFile; fileRef = FAF2D2D425EFF202003EEEA5 /* super_grainy */; };
		FAF2D2FA25EFF202003EEEA5 /* night_rider in Resources */ = {isa = PBXBuildFile; fileRef = FAF2D2D525EFF202003EEEA5 /* night_rider */; };
		FAF2D2FB25EFF202003EEEA5 /* thermal_vision in Resources */ = {isa = PBXBuildFile; fileRef = FAF2D2D625EFF202003EEEA5 /* thermal_vision */; };
		FAF2D2FC25EFF202003EEEA5 /* fireflies in Resources */ = {isa = PBXBuildFile; fileRef = FAF2D2D725EFF202003EEEA5 /* fireflies */; };
		FAF2D2FD25EFF202003EEEA5 /* dreamy_bloom in Resources */ = {isa = PBXBuildFile; fileRef = FAF2D2D825EFF202003EEEA5 /* dreamy_bloom */; };
		FAF2D2FE25EFF202003EEEA5 /* blood_moon in Resources */ = {isa = PBXBuildFile; fileRef = FAF2D2D925EFF202003EEEA5 /* blood_moon */; };
		FAF2D2FF25EFF202003EEEA5 /* static in Resources */ = {isa = PBXBuildFile; fileRef = FAF2D2DA25EFF202003EEEA5 /* static */; };
		FAF2D30025EFF202003EEEA5 /* trippy in Resources */ = {isa = PBXBuildFile; fileRef = FAF2D2DB25EFF202003EEEA5 /* trippy */; };
		FAF2D30125EFF202003EEEA5 /* matrix in Resources */ = {isa = PBXBuildFile; fileRef = FAF2D2DC25EFF202003EEEA5 /* matrix */; };
		FAF2D30225EFF202003EEEA5 /* night_vision in Resources */ = {isa = PBXBuildFile; fileRef = FAF2D2DD25EFF202003EEEA5 /* night_vision */; };
		FAF2D30325EFF202003EEEA5 /* old_film in Resources */ = {isa = PBXBuildFile; fileRef = FAF2D2DE25EFF202003EEEA5 /* old_film */; };
		FAF2D30425EFF202003EEEA5 /* blue_laser in Resources */ = {isa = PBXBuildFile; fileRef = FAF2D2DF25EFF202003EEEA5 /* blue_laser */; };
		FAF2D30525EFF202003EEEA5 /* stars in Resources */ = {isa = PBXBuildFile; fileRef = FAF2D2E025EFF202003EEEA5 /* stars */; };
		FAF2D30625EFF202003EEEA5 /* static_strong in Resources */ = {isa = PBXBuildFile; fileRef = FAF2D2E125EFF202003EEEA5 /* static_strong */; };
		FAF2D30725EFF202003EEEA5 /* glitter in Resources */ = {isa = PBXBuildFile; fileRef = FAF2D2E225EFF202003EEEA5 /* glitter */; };
/* End PBXBuildFile section */

/* Begin PBXCopyFilesBuildPhase section */
		FA4075FB25E54AE90043F32F /* Embed Frameworks */ = {
			isa = PBXCopyFilesBuildPhase;
			buildActionMask = 2147483647;
			dstPath = "";
			dstSubfolderSpec = 10;
			files = (
				FA4075FA25E54AE90043F32F /* DeepAR.framework in Embed Frameworks */,
			);
			name = "Embed Frameworks";
			runOnlyForDeploymentPostprocessing = 0;
		};
		FAEB5B7C25E55756009273E7 /* Embed Frameworks */ = {
			isa = PBXCopyFilesBuildPhase;
			buildActionMask = 2147483647;
			dstPath = "";
			dstSubfolderSpec = 10;
			files = (
				FAEB5B7B25E55756009273E7 /* DeepAR.framework in Embed Frameworks */,
			);
			name = "Embed Frameworks";
			runOnlyForDeploymentPostprocessing = 0;
		};
/* End PBXCopyFilesBuildPhase section */

/* Begin PBXFileReference section */
		ABB04E4C2515477A0038D75C /* VirtualCameraSample.plugin */ = {isa = PBXFileReference; explicitFileType = wrapper.cfbundle; includeInIndex = 0; path = VirtualCameraSample.plugin; sourceTree = BUILT_PRODUCTS_DIR; };
		ABB04E4F2515477A0038D75C /* Info.plist */ = {isa = PBXFileReference; lastKnownFileType = text.plist.xml; path = Info.plist; sourceTree = "<group>"; };
		ABB04E572515481A0038D75C /* CVPixelBuffer+SimpleDALPlugin.swift */ = {isa = PBXFileReference; fileEncoding = 4; lastKnownFileType = sourcecode.swift; path = "CVPixelBuffer+SimpleDALPlugin.swift"; sourceTree = "<group>"; };
		ABB04E582515481A0038D75C /* PluginInterface.swift */ = {isa = PBXFileReference; fileEncoding = 4; lastKnownFileType = sourcecode.swift; path = PluginInterface.swift; sourceTree = "<group>"; };
		ABB04E592515481A0038D75C /* Property.swift */ = {isa = PBXFileReference; fileEncoding = 4; lastKnownFileType = sourcecode.swift; path = Property.swift; sourceTree = "<group>"; };
		ABB04E5A2515481A0038D75C /* Stream.swift */ = {isa = PBXFileReference; fileEncoding = 4; lastKnownFileType = sourcecode.swift; path = Stream.swift; sourceTree = "<group>"; };
		ABB04E5B2515481A0038D75C /* Main.swift */ = {isa = PBXFileReference; fileEncoding = 4; lastKnownFileType = sourcecode.swift; path = Main.swift; sourceTree = "<group>"; };
		ABB04E5C2515481A0038D75C /* Object.swift */ = {isa = PBXFileReference; fileEncoding = 4; lastKnownFileType = sourcecode.swift; path = Object.swift; sourceTree = "<group>"; };
		ABB04E5D2515481A0038D75C /* Plugin.swift */ = {isa = PBXFileReference; fileEncoding = 4; lastKnownFileType = sourcecode.swift; path = Plugin.swift; sourceTree = "<group>"; };
		ABB04E5E2515481A0038D75C /* Log.swift */ = {isa = PBXFileReference; fileEncoding = 4; lastKnownFileType = sourcecode.swift; path = Log.swift; sourceTree = "<group>"; };
		ABB04E5F2515481A0038D75C /* CameraCapture.swift */ = {isa = PBXFileReference; fileEncoding = 4; lastKnownFileType = sourcecode.swift; path = CameraCapture.swift; sourceTree = "<group>"; };
		ABB04E602515481A0038D75C /* VideoComposer.swift */ = {isa = PBXFileReference; fileEncoding = 4; lastKnownFileType = sourcecode.swift; path = VideoComposer.swift; sourceTree = "<group>"; };
		ABB04E6E25154A330038D75C /* VirtualCameraSample-Bridging-Header.h */ = {isa = PBXFileReference; fileEncoding = 4; lastKnownFileType = sourcecode.c.h; path = "VirtualCameraSample-Bridging-Header.h"; sourceTree = "<group>"; };
		ABB04E7125154B1F0038D75C /* Device.swift */ = {isa = PBXFileReference; fileEncoding = 4; lastKnownFileType = sourcecode.swift; path = Device.swift; sourceTree = "<group>"; };
		ABB04E7C2515A8140038D75C /* VirtualCameraSampleController.app */ = {isa = PBXFileReference; explicitFileType = wrapper.application; includeInIndex = 0; path = VirtualCameraSampleController.app; sourceTree = BUILT_PRODUCTS_DIR; };
		ABB04E7E2515A8140038D75C /* AppDelegate.swift */ = {isa = PBXFileReference; lastKnownFileType = sourcecode.swift; path = AppDelegate.swift; sourceTree = "<group>"; };
		ABB04E802515A8140038D75C /* ViewController.swift */ = {isa = PBXFileReference; lastKnownFileType = sourcecode.swift; path = ViewController.swift; sourceTree = "<group>"; };
		ABB04E822515A8160038D75C /* Assets.xcassets */ = {isa = PBXFileReference; lastKnownFileType = folder.assetcatalog; path = Assets.xcassets; sourceTree = "<group>"; };
		ABB04E852515A8160038D75C /* Base */ = {isa = PBXFileReference; lastKnownFileType = file.storyboard; name = Base; path = Base.lproj/Main.storyboard; sourceTree = "<group>"; };
		ABB04E872515A8160038D75C /* Info.plist */ = {isa = PBXFileReference; lastKnownFileType = text.plist.xml; path = Info.plist; sourceTree = "<group>"; };
		ABB04E882515A8160038D75C /* VirtualCameraSampleController.entitlements */ = {isa = PBXFileReference; lastKnownFileType = text.plist.entitlements; path = VirtualCameraSampleController.entitlements; sourceTree = "<group>"; };
		ABB04E9C25162D310038D75C /* WindowController.swift */ = {isa = PBXFileReference; lastKnownFileType = sourcecode.swift; path = WindowController.swift; sourceTree = "<group>"; };
		ABB04EAF25194A7D0038D75C /* Config.swift */ = {isa = PBXFileReference; fileEncoding = 4; lastKnownFileType = sourcecode.swift; path = Config.swift; sourceTree = "<group>"; };
		ABB04EB025194A7D0038D75C /* SettingsPasteboard.swift */ = {isa = PBXFileReference; fileEncoding = 4; lastKnownFileType = sourcecode.swift; path = SettingsPasteboard.swift; sourceTree = "<group>"; };
		FA4075D425E539FB0043F32F /* DeepAR.framework */ = {isa = PBXFileReference; lastKnownFileType = wrapper.framework; name = DeepAR.framework; path = "../../Downloads/DeepAR-MacOS-v2-2.3/lib/DeepAR.framework"; sourceTree = "<group>"; };
		FA4075DD25E53E0E0043F32F /* DeepAR.framework */ = {isa = PBXFileReference; lastKnownFileType = wrapper.framework; path = DeepAR.framework; sourceTree = "<group>"; };
		FAEB5B7825E556F8009273E7 /* VirtualCameraSampleController-Bridging-Header.h */ = {isa = PBXFileReference; lastKnownFileType = sourcecode.c.h; path = "VirtualCameraSampleController-Bridging-Header.h"; sourceTree = "<group>"; };
		FAEB5B7D25E65303009273E7 /* SampleComposerObj.swift */ = {isa = PBXFileReference; lastKnownFileType = sourcecode.swift; path = SampleComposerObj.swift; sourceTree = "<group>"; };
		FAF2D26225EFA195003EEEA5 /* FilterCollectionViewItem.swift */ = {isa = PBXFileReference; lastKnownFileType = sourcecode.swift; path = FilterCollectionViewItem.swift; sourceTree = "<group>"; };
		FAF2D26425EFA270003EEEA5 /* Filters.swift */ = {isa = PBXFileReference; lastKnownFileType = sourcecode.swift; path = Filters.swift; sourceTree = "<group>"; };
		FAF2D26625EFA3BA003EEEA5 /* FilterObject.swift */ = {isa = PBXFileReference; lastKnownFileType = sourcecode.swift; path = FilterObject.swift; sourceTree = "<group>"; };
		FAF2D27025EFBE1F003EEEA5 /* FilterCollectionViewItem.xib */ = {isa = PBXFileReference; lastKnownFileType = file.xib; path = FilterCollectionViewItem.xib; sourceTree = "<group>"; };
		FAF2D27225EFC83D003EEEA5 /* SettingsViewController.swift */ = {isa = PBXFileReference; lastKnownFileType = sourcecode.swift; path = SettingsViewController.swift; sourceTree = "<group>"; };
		FAF2D27425EFD136003EEEA5 /* glitter */ = {isa = PBXFileReference; lastKnownFileType = file; path = glitter; sourceTree = "<group>"; };
		FAF2D27525EFD136003EEEA5 /* night_rider */ = {isa = PBXFileReference; lastKnownFileType = file; path = night_rider; sourceTree = "<group>"; };
		FAF2D27625EFD136003EEEA5 /* velvet */ = {isa = PBXFileReference; lastKnownFileType = file; path = velvet; sourceTree = "<group>"; };
		FAF2D27725EFD136003EEEA5 /* blue_laser */ = {isa = PBXFileReference; lastKnownFileType = file; path = blue_laser; sourceTree = "<group>"; };
		FAF2D27825EFD136003EEEA5 /* glitch */ = {isa = PBXFileReference; lastKnownFileType = file; path = glitch; sourceTree = "<group>"; };
		FAF2D27925EFD136003EEEA5 /* trident_splash */ = {isa = PBXFileReference; lastKnownFileType = file; path = trident_splash; sourceTree = "<group>"; };
		FAF2D27A25EFD136003EEEA5 /* trippy */ = {isa = PBXFileReference; lastKnownFileType = file; path = trippy; sourceTree = "<group>"; };
		FAF2D27B25EFD136003EEEA5 /* night_vision */ = {isa = PBXFileReference; lastKnownFileType = file; path = night_vision; sourceTree = "<group>"; };
		FAF2D27C25EFD136003EEEA5 /* mad_max */ = {isa = PBXFileReference; lastKnownFileType = file; path = mad_max; sourceTree = "<group>"; };
		FAF2D27D25EFD136003EEEA5 /* vhs */ = {isa = PBXFileReference; lastKnownFileType = file; path = vhs; sourceTree = "<group>"; };
		FAF2D27E25EFD137003EEEA5 /* caustics */ = {isa = PBXFileReference; lastKnownFileType = file; path = caustics; sourceTree = "<group>"; };
		FAF2D27F25EFD137003EEEA5 /* displaced_glow */ = {isa = PBXFileReference; lastKnownFileType = file; path = displaced_glow; sourceTree = "<group>"; };
		FAF2D28025EFD137003EEEA5 /* old_film_dust */ = {isa = PBXFileReference; lastKnownFileType = file; path = old_film_dust; sourceTree = "<group>"; };
		FAF2D28125EFD137003EEEA5 /* glitch_v2 */ = {isa = PBXFileReference; lastKnownFileType = file; path = glitch_v2; sourceTree = "<group>"; };
		FAF2D28225EFD137003EEEA5 /* dreamy_bloom */ = {isa = PBXFileReference; lastKnownFileType = file; path = dreamy_bloom; sourceTree = "<group>"; };
		FAF2D28325EFD137003EEEA5 /* club_party_lights */ = {isa = PBXFileReference; lastKnownFileType = file; path = club_party_lights; sourceTree = "<group>"; };
		FAF2D28425EFD137003EEEA5 /* stars */ = {isa = PBXFileReference; lastKnownFileType = file; path = stars; sourceTree = "<group>"; };
		FAF2D28525EFD137003EEEA5 /* super_grainy */ = {isa = PBXFileReference; lastKnownFileType = file; path = super_grainy; sourceTree = "<group>"; };
		FAF2D28625EFD137003EEEA5 /* overlay_fire */ = {isa = PBXFileReference; lastKnownFileType = file; path = overlay_fire; sourceTree = "<group>"; };
		FAF2D28725EFD137003EEEA5 /* lens_flare */ = {isa = PBXFileReference; lastKnownFileType = file; path = lens_flare; sourceTree = "<group>"; };
		FAF2D28825EFD137003EEEA5 /* bone */ = {isa = PBXFileReference; lastKnownFileType = file; path = bone; sourceTree = "<group>"; };
		FAF2D28925EFD137003EEEA5 /* chromatic_aberration */ = {isa = PBXFileReference; lastKnownFileType = file; path = chromatic_aberration; sourceTree = "<group>"; };
		FAF2D28A25EFD137003EEEA5 /* static_strong */ = {isa = PBXFileReference; lastKnownFileType = file; path = static_strong; sourceTree = "<group>"; };
		FAF2D28B25EFD137003EEEA5 /* matrix */ = {isa = PBXFileReference; lastKnownFileType = file; path = matrix; sourceTree = "<group>"; };
		FAF2D28C25EFD137003EEEA5 /* blood_moon */ = {isa = PBXFileReference; lastKnownFileType = file; path = blood_moon; sourceTree = "<group>"; };
		FAF2D28D25EFD137003EEEA5 /* cyber_ghost */ = {isa = PBXFileReference; lastKnownFileType = file; path = cyber_ghost; sourceTree = "<group>"; };
		FAF2D28E25EFD137003EEEA5 /* bubble_gum */ = {isa = PBXFileReference; lastKnownFileType = file; path = bubble_gum; sourceTree = "<group>"; };
		FAF2D28F25EFD137003EEEA5 /* green_laser */ = {isa = PBXFileReference; lastKnownFileType = file; path = green_laser; sourceTree = "<group>"; };
		FAF2D29025EFD137003EEEA5 /* green_vision */ = {isa = PBXFileReference; lastKnownFileType = file; path = green_vision; sourceTree = "<group>"; };
		FAF2D29125EFD137003EEEA5 /* old_film */ = {isa = PBXFileReference; lastKnownFileType = file; path = old_film; sourceTree = "<group>"; };
		FAF2D29225EFD137003EEEA5 /* glowygoo */ = {isa = PBXFileReference; lastKnownFileType = file; path = glowygoo; sourceTree = "<group>"; };
		FAF2D29325EFD137003EEEA5 /* fireflies */ = {isa = PBXFileReference; lastKnownFileType = file; path = fireflies; sourceTree = "<group>"; };
		FAF2D29425EFD137003EEEA5 /* thermal_vision */ = {isa = PBXFileReference; lastKnownFileType = file; path = thermal_vision; sourceTree = "<group>"; };
		FAF2D29525EFD137003EEEA5 /* smoke */ = {isa = PBXFileReference; lastKnownFileType = file; path = smoke; sourceTree = "<group>"; };
		FAF2D29625EFD137003EEEA5 /* velvet-2 */ = {isa = PBXFileReference; lastKnownFileType = file; path = "velvet-2"; sourceTree = "<group>"; };
		FAF2D29725EFD137003EEEA5 /* static */ = {isa = PBXFileReference; lastKnownFileType = file; path = static; sourceTree = "<group>"; };
		FAF2D29825EFD137003EEEA5 /* b&w */ = {isa = PBXFileReference; lastKnownFileType = file; path = "b&w"; sourceTree = "<group>"; };
		FAF2D2BE25EFF201003EEEA5 /* overlay_fire */ = {isa = PBXFileReference; lastKnownFileType = file; path = overlay_fire; sourceTree = "<group>"; };
		FAF2D2BF25EFF201003EEEA5 /* club_party_lights */ = {isa = PBXFileReference; lastKnownFileType = file; path = club_party_lights; sourceTree = "<group>"; };
		FAF2D2C025EFF201003EEEA5 /* cyber_ghost */ = {isa = PBXFileReference; lastKnownFileType = file; path = cyber_ghost; sourceTree = "<group>"; };
		FAF2D2C125EFF201003EEEA5 /* chromatic_aberration */ = {isa = PBXFileReference; lastKnownFileType = file; path = chromatic_aberration; sourceTree = "<group>"; };
		FAF2D2C225EFF201003EEEA5 /* glowygoo */ = {isa = PBXFileReference; lastKnownFileType = file; path = glowygoo; sourceTree = "<group>"; };
		FAF2D2C325EFF201003EEEA5 /* b&w */ = {isa = PBXFileReference; lastKnownFileType = file; path = "b&w"; sourceTree = "<group>"; };
		FAF2D2C425EFF201003EEEA5 /* green_laser */ = {isa = PBXFileReference; lastKnownFileType = file; path = green_laser; sourceTree = "<group>"; };
		FAF2D2C525EFF201003EEEA5 /* lens_flare */ = {isa = PBXFileReference; lastKnownFileType = file; path = lens_flare; sourceTree = "<group>"; };
		FAF2D2C625EFF201003EEEA5 /* green_vision */ = {isa = PBXFileReference; lastKnownFileType = file; path = green_vision; sourceTree = "<group>"; };
		FAF2D2C725EFF201003EEEA5 /* smoke */ = {isa = PBXFileReference; lastKnownFileType = file; path = smoke; sourceTree = "<group>"; };
		FAF2D2C825EFF201003EEEA5 /* trident_splash */ = {isa = PBXFileReference; lastKnownFileType = file; path = trident_splash; sourceTree = "<group>"; };
		FAF2D2C925EFF201003EEEA5 /* velvet */ = {isa = PBXFileReference; lastKnownFileType = file; path = velvet; sourceTree = "<group>"; };
		FAF2D2CA25EFF201003EEEA5 /* glitch */ = {isa = PBXFileReference; lastKnownFileType = file; path = glitch; sourceTree = "<group>"; };
		FAF2D2CB25EFF201003EEEA5 /* old_film_dust */ = {isa = PBXFileReference; lastKnownFileType = file; path = old_film_dust; sourceTree = "<group>"; };
		FAF2D2CC25EFF201003EEEA5 /* vhs */ = {isa = PBXFileReference; lastKnownFileType = file; path = vhs; sourceTree = "<group>"; };
		FAF2D2CD25EFF201003EEEA5 /* caustics */ = {isa = PBXFileReference; lastKnownFileType = file; path = caustics; sourceTree = "<group>"; };
		FAF2D2CE25EFF201003EEEA5 /* displaced_glow */ = {isa = PBXFileReference; lastKnownFileType = file; path = displaced_glow; sourceTree = "<group>"; };
		FAF2D2CF25EFF201003EEEA5 /* mad_max */ = {isa = PBXFileReference; lastKnownFileType = file; path = mad_max; sourceTree = "<group>"; };
		FAF2D2D025EFF201003EEEA5 /* velvet-2 */ = {isa = PBXFileReference; lastKnownFileType = file; path = "velvet-2"; sourceTree = "<group>"; };
		FAF2D2D125EFF201003EEEA5 /* glitch_v2 */ = {isa = PBXFileReference; lastKnownFileType = file; path = glitch_v2; sourceTree = "<group>"; };
		FAF2D2D225EFF201003EEEA5 /* bubble_gum */ = {isa = PBXFileReference; lastKnownFileType = file; path = bubble_gum; sourceTree = "<group>"; };
		FAF2D2D325EFF202003EEEA5 /* bone */ = {isa = PBXFileReference; lastKnownFileType = file; path = bone; sourceTree = "<group>"; };
		FAF2D2D425EFF202003EEEA5 /* super_grainy */ = {isa = PBXFileReference; lastKnownFileType = file; path = super_grainy; sourceTree = "<group>"; };
		FAF2D2D525EFF202003EEEA5 /* night_rider */ = {isa = PBXFileReference; lastKnownFileType = file; path = night_rider; sourceTree = "<group>"; };
		FAF2D2D625EFF202003EEEA5 /* thermal_vision */ = {isa = PBXFileReference; lastKnownFileType = file; path = thermal_vision; sourceTree = "<group>"; };
		FAF2D2D725EFF202003EEEA5 /* fireflies */ = {isa = PBXFileReference; lastKnownFileType = file; path = fireflies; sourceTree = "<group>"; };
		FAF2D2D825EFF202003EEEA5 /* dreamy_bloom */ = {isa = PBXFileReference; lastKnownFileType = file; path = dreamy_bloom; sourceTree = "<group>"; };
		FAF2D2D925EFF202003EEEA5 /* blood_moon */ = {isa = PBXFileReference; lastKnownFileType = file; path = blood_moon; sourceTree = "<group>"; };
		FAF2D2DA25EFF202003EEEA5 /* static */ = {isa = PBXFileReference; lastKnownFileType = file; path = static; sourceTree = "<group>"; };
		FAF2D2DB25EFF202003EEEA5 /* trippy */ = {isa = PBXFileReference; lastKnownFileType = file; path = trippy; sourceTree = "<group>"; };
		FAF2D2DC25EFF202003EEEA5 /* matrix */ = {isa = PBXFileReference; lastKnownFileType = file; path = matrix; sourceTree = "<group>"; };
		FAF2D2DD25EFF202003EEEA5 /* night_vision */ = {isa = PBXFileReference; lastKnownFileType = file; path = night_vision; sourceTree = "<group>"; };
		FAF2D2DE25EFF202003EEEA5 /* old_film */ = {isa = PBXFileReference; lastKnownFileType = file; path = old_film; sourceTree = "<group>"; };
		FAF2D2DF25EFF202003EEEA5 /* blue_laser */ = {isa = PBXFileReference; lastKnownFileType = file; path = blue_laser; sourceTree = "<group>"; };
		FAF2D2E025EFF202003EEEA5 /* stars */ = {isa = PBXFileReference; lastKnownFileType = file; path = stars; sourceTree = "<group>"; };
		FAF2D2E125EFF202003EEEA5 /* static_strong */ = {isa = PBXFileReference; lastKnownFileType = file; path = static_strong; sourceTree = "<group>"; };
		FAF2D2E225EFF202003EEEA5 /* glitter */ = {isa = PBXFileReference; lastKnownFileType = file; path = glitter; sourceTree = "<group>"; };
/* End PBXFileReference section */

/* Begin PBXFrameworksBuildPhase section */
		ABB04E492515477A0038D75C /* Frameworks */ = {
			isa = PBXFrameworksBuildPhase;
			buildActionMask = 2147483647;
			files = (
				FA4075F925E54AE90043F32F /* DeepAR.framework in Frameworks */,
			);
			runOnlyForDeploymentPostprocessing = 0;
		};
		ABB04E792515A8140038D75C /* Frameworks */ = {
			isa = PBXFrameworksBuildPhase;
			buildActionMask = 2147483647;
			files = (
				FAEB5B7A25E55756009273E7 /* DeepAR.framework in Frameworks */,
			);
			runOnlyForDeploymentPostprocessing = 0;
		};
/* End PBXFrameworksBuildPhase section */

/* Begin PBXGroup section */
		ABB04E432515477A0038D75C = {
			isa = PBXGroup;
			children = (
				ABB04EAE25194A7D0038D75C /* Common */,
				ABB04E4E2515477A0038D75C /* VirtualCameraSample */,
				ABB04E7D2515A8140038D75C /* VirtualCameraSampleController */,
				ABB04E4D2515477A0038D75C /* Products */,
				FA4075D325E539FB0043F32F /* Frameworks */,
			);
			sourceTree = "<group>";
		};
		ABB04E4D2515477A0038D75C /* Products */ = {
			isa = PBXGroup;
			children = (
				ABB04E4C2515477A0038D75C /* VirtualCameraSample.plugin */,
				ABB04E7C2515A8140038D75C /* VirtualCameraSampleController.app */,
			);
			name = Products;
			sourceTree = "<group>";
		};
		ABB04E4E2515477A0038D75C /* VirtualCameraSample */ = {
			isa = PBXGroup;
			children = (
				FA4075EE25E5490F0043F32F /* Effects */,
				FA4075DD25E53E0E0043F32F /* DeepAR.framework */,
				ABB04E5F2515481A0038D75C /* CameraCapture.swift */,
				ABB04E572515481A0038D75C /* CVPixelBuffer+SimpleDALPlugin.swift */,
				ABB04E7125154B1F0038D75C /* Device.swift */,
				ABB04E4F2515477A0038D75C /* Info.plist */,
				ABB04E5E2515481A0038D75C /* Log.swift */,
				ABB04E5B2515481A0038D75C /* Main.swift */,
				ABB04E5C2515481A0038D75C /* Object.swift */,
				ABB04E5D2515481A0038D75C /* Plugin.swift */,
				ABB04E582515481A0038D75C /* PluginInterface.swift */,
				ABB04E592515481A0038D75C /* Property.swift */,
				ABB04E5A2515481A0038D75C /* Stream.swift */,
				ABB04E602515481A0038D75C /* VideoComposer.swift */,
				ABB04E6E25154A330038D75C /* VirtualCameraSample-Bridging-Header.h */,
			);
			path = VirtualCameraSample;
			sourceTree = "<group>";
		};
		ABB04E7D2515A8140038D75C /* VirtualCameraSampleController */ = {
			isa = PBXGroup;
			children = (
				FAF2D26125EFA180003EEEA5 /* FilterCollection */,
				FAAA7D3D25E804F300D6FEE0 /* Effects */,
				ABB04E7E2515A8140038D75C /* AppDelegate.swift */,
				ABB04E802515A8140038D75C /* ViewController.swift */,
				ABB04E9C25162D310038D75C /* WindowController.swift */,
				ABB04E822515A8160038D75C /* Assets.xcassets */,
				ABB04E842515A8160038D75C /* Main.storyboard */,
				FAF2D27025EFBE1F003EEEA5 /* FilterCollectionViewItem.xib */,
				ABB04E872515A8160038D75C /* Info.plist */,
				ABB04E882515A8160038D75C /* VirtualCameraSampleController.entitlements */,
				FAEB5B7825E556F8009273E7 /* VirtualCameraSampleController-Bridging-Header.h */,
				FAEB5B7D25E65303009273E7 /* SampleComposerObj.swift */,
				FAF2D26425EFA270003EEEA5 /* Filters.swift */,
				FAF2D26625EFA3BA003EEEA5 /* FilterObject.swift */,
				FAF2D27225EFC83D003EEEA5 /* SettingsViewController.swift */,
			);
			path = VirtualCameraSampleController;
			sourceTree = "<group>";
		};
		ABB04EAE25194A7D0038D75C /* Common */ = {
			isa = PBXGroup;
			children = (
				ABB04EAF25194A7D0038D75C /* Config.swift */,
				ABB04EB025194A7D0038D75C /* SettingsPasteboard.swift */,
			);
			path = Common;
			sourceTree = "<group>";
		};
		FA4075D325E539FB0043F32F /* Frameworks */ = {
			isa = PBXGroup;
			children = (
				FA4075D425E539FB0043F32F /* DeepAR.framework */,
			);
			name = Frameworks;
			sourceTree = "<group>";
		};
		FA4075EE25E5490F0043F32F /* Effects */ = {
			isa = PBXGroup;
			children = (
				FAF2D2C325EFF201003EEEA5 /* b&w */,
				FAF2D2D925EFF202003EEEA5 /* blood_moon */,
				FAF2D2DF25EFF202003EEEA5 /* blue_laser */,
				FAF2D2D325EFF202003EEEA5 /* bone */,
				FAF2D2D225EFF201003EEEA5 /* bubble_gum */,
				FAF2D2CD25EFF201003EEEA5 /* caustics */,
				FAF2D2C125EFF201003EEEA5 /* chromatic_aberration */,
				FAF2D2BF25EFF201003EEEA5 /* club_party_lights */,
				FAF2D2C025EFF201003EEEA5 /* cyber_ghost */,
				FAF2D2CE25EFF201003EEEA5 /* displaced_glow */,
				FAF2D2D825EFF202003EEEA5 /* dreamy_bloom */,
				FAF2D2D725EFF202003EEEA5 /* fireflies */,
				FAF2D2CA25EFF201003EEEA5 /* glitch */,
				FAF2D2D125EFF201003EEEA5 /* glitch_v2 */,
				FAF2D2E225EFF202003EEEA5 /* glitter */,
				FAF2D2C225EFF201003EEEA5 /* glowygoo */,
				FAF2D2C425EFF201003EEEA5 /* green_laser */,
				FAF2D2C625EFF201003EEEA5 /* green_vision */,
				FAF2D2C525EFF201003EEEA5 /* lens_flare */,
				FAF2D2CF25EFF201003EEEA5 /* mad_max */,
				FAF2D2DC25EFF202003EEEA5 /* matrix */,
				FAF2D2D525EFF202003EEEA5 /* night_rider */,
				FAF2D2DD25EFF202003EEEA5 /* night_vision */,
				FAF2D2DE25EFF202003EEEA5 /* old_film */,
				FAF2D2CB25EFF201003EEEA5 /* old_film_dust */,
				FAF2D2BE25EFF201003EEEA5 /* overlay_fire */,
				FAF2D2C725EFF201003EEEA5 /* smoke */,
				FAF2D2E025EFF202003EEEA5 /* stars */,
				FAF2D2DA25EFF202003EEEA5 /* static */,
				FAF2D2E125EFF202003EEEA5 /* static_strong */,
				FAF2D2D425EFF202003EEEA5 /* super_grainy */,
				FAF2D2D625EFF202003EEEA5 /* thermal_vision */,
				FAF2D2C825EFF201003EEEA5 /* trident_splash */,
				FAF2D2DB25EFF202003EEEA5 /* trippy */,
				FAF2D2C925EFF201003EEEA5 /* velvet */,
				FAF2D2D025EFF201003EEEA5 /* velvet-2 */,
				FAF2D2CC25EFF201003EEEA5 /* vhs */,
			);
			path = Effects;
			sourceTree = "<group>";
		};
		FAAA7D3D25E804F300D6FEE0 /* Effects */ = {
			isa = PBXGroup;
			children = (
				FAF2D29825EFD137003EEEA5 /* b&w */,
				FAF2D28C25EFD137003EEEA5 /* blood_moon */,
				FAF2D27725EFD136003EEEA5 /* blue_laser */,
				FAF2D28825EFD137003EEEA5 /* bone */,
				FAF2D28E25EFD137003EEEA5 /* bubble_gum */,
				FAF2D27E25EFD137003EEEA5 /* caustics */,
				FAF2D28925EFD137003EEEA5 /* chromatic_aberration */,
				FAF2D28325EFD137003EEEA5 /* club_party_lights */,
				FAF2D28D25EFD137003EEEA5 /* cyber_ghost */,
				FAF2D27F25EFD137003EEEA5 /* displaced_glow */,
				FAF2D28225EFD137003EEEA5 /* dreamy_bloom */,
				FAF2D29325EFD137003EEEA5 /* fireflies */,
				FAF2D27825EFD136003EEEA5 /* glitch */,
				FAF2D28125EFD137003EEEA5 /* glitch_v2 */,
				FAF2D27425EFD136003EEEA5 /* glitter */,
				FAF2D29225EFD137003EEEA5 /* glowygoo */,
				FAF2D28F25EFD137003EEEA5 /* green_laser */,
				FAF2D29025EFD137003EEEA5 /* green_vision */,
				FAF2D28725EFD137003EEEA5 /* lens_flare */,
				FAF2D27C25EFD136003EEEA5 /* mad_max */,
				FAF2D28B25EFD137003EEEA5 /* matrix */,
				FAF2D27525EFD136003EEEA5 /* night_rider */,
				FAF2D27B25EFD136003EEEA5 /* night_vision */,
				FAF2D29125EFD137003EEEA5 /* old_film */,
				FAF2D28025EFD137003EEEA5 /* old_film_dust */,
				FAF2D28625EFD137003EEEA5 /* overlay_fire */,
				FAF2D29525EFD137003EEEA5 /* smoke */,
				FAF2D28425EFD137003EEEA5 /* stars */,
				FAF2D29725EFD137003EEEA5 /* static */,
				FAF2D28A25EFD137003EEEA5 /* static_strong */,
				FAF2D28525EFD137003EEEA5 /* super_grainy */,
				FAF2D29425EFD137003EEEA5 /* thermal_vision */,
				FAF2D27925EFD136003EEEA5 /* trident_splash */,
				FAF2D27A25EFD136003EEEA5 /* trippy */,
				FAF2D27625EFD136003EEEA5 /* velvet */,
				FAF2D29625EFD137003EEEA5 /* velvet-2 */,
				FAF2D27D25EFD136003EEEA5 /* vhs */,
			);
			path = Effects;
			sourceTree = "<group>";
		};
		FAF2D26125EFA180003EEEA5 /* FilterCollection */ = {
			isa = PBXGroup;
			children = (
				FAF2D26225EFA195003EEEA5 /* FilterCollectionViewItem.swift */,
			);
			path = FilterCollection;
			sourceTree = "<group>";
		};
/* End PBXGroup section */

/* Begin PBXNativeTarget section */
		ABB04E4B2515477A0038D75C /* VirtualCameraSample */ = {
			isa = PBXNativeTarget;
			buildConfigurationList = ABB04E522515477A0038D75C /* Build configuration list for PBXNativeTarget "VirtualCameraSample" */;
			buildPhases = (
				ABB04E482515477A0038D75C /* Sources */,
				ABB04E492515477A0038D75C /* Frameworks */,
				ABB04E4A2515477A0038D75C /* Resources */,
				FA4075FB25E54AE90043F32F /* Embed Frameworks */,
			);
			buildRules = (
			);
			dependencies = (
			);
			name = VirtualCameraSample;
			productName = VirtualCameraSample;
			productReference = ABB04E4C2515477A0038D75C /* VirtualCameraSample.plugin */;
			productType = "com.apple.product-type.bundle";
		};
		ABB04E7B2515A8140038D75C /* VirtualCameraSampleController */ = {
			isa = PBXNativeTarget;
			buildConfigurationList = ABB04E892515A8160038D75C /* Build configuration list for PBXNativeTarget "VirtualCameraSampleController" */;
			buildPhases = (
				ABB04E782515A8140038D75C /* Sources */,
				ABB04E792515A8140038D75C /* Frameworks */,
				ABB04E7A2515A8140038D75C /* Resources */,
				FAEB5B7C25E55756009273E7 /* Embed Frameworks */,
			);
			buildRules = (
			);
			dependencies = (
			);
			name = VirtualCameraSampleController;
			productName = VirtualCameraSampleController;
			productReference = ABB04E7C2515A8140038D75C /* VirtualCameraSampleController.app */;
			productType = "com.apple.product-type.application";
		};
/* End PBXNativeTarget section */

/* Begin PBXProject section */
		ABB04E442515477A0038D75C /* Project object */ = {
			isa = PBXProject;
			attributes = {
				LastSwiftUpdateCheck = 1200;
				LastUpgradeCheck = 1200;
				TargetAttributes = {
					ABB04E4B2515477A0038D75C = {
						CreatedOnToolsVersion = 12.0;
						LastSwiftMigration = 1200;
					};
					ABB04E7B2515A8140038D75C = {
						CreatedOnToolsVersion = 12.0;
					};
				};
			};
			buildConfigurationList = ABB04E472515477A0038D75C /* Build configuration list for PBXProject "VirtualCameraSample" */;
			compatibilityVersion = "Xcode 9.3";
			developmentRegion = en;
			hasScannedForEncodings = 0;
			knownRegions = (
				en,
				Base,
			);
			mainGroup = ABB04E432515477A0038D75C;
			productRefGroup = ABB04E4D2515477A0038D75C /* Products */;
			projectDirPath = "";
			projectRoot = "";
			targets = (
				ABB04E4B2515477A0038D75C /* VirtualCameraSample */,
				ABB04E7B2515A8140038D75C /* VirtualCameraSampleController */,
			);
		};
/* End PBXProject section */

/* Begin PBXResourcesBuildPhase section */
		ABB04E4A2515477A0038D75C /* Resources */ = {
			isa = PBXResourcesBuildPhase;
			buildActionMask = 2147483647;
			files = (
				FAF2D2F325EFF202003EEEA5 /* displaced_glow in Resources */,
				FAF2D2F725EFF202003EEEA5 /* bubble_gum in Resources */,
				FAF2D2EF25EFF202003EEEA5 /* glitch in Resources */,
				FAF2D2E825EFF202003EEEA5 /* b&w in Resources */,
				FAF2D2EB25EFF202003EEEA5 /* green_vision in Resources */,
				FAF2D2ED25EFF202003EEEA5 /* trident_splash in Resources */,
				FAF2D2E625EFF202003EEEA5 /* chromatic_aberration in Resources */,
				FAF2D30725EFF202003EEEA5 /* glitter in Resources */,
				FAF2D2F425EFF202003EEEA5 /* mad_max in Resources */,
				FAF2D30125EFF202003EEEA5 /* matrix in Resources */,
				FAF2D30625EFF202003EEEA5 /* static_strong in Resources */,
				FAF2D30325EFF202003EEEA5 /* old_film in Resources */,
				FAF2D2F825EFF202003EEEA5 /* bone in Resources */,
				FAF2D2FD25EFF202003EEEA5 /* dreamy_bloom in Resources */,
				FAF2D30025EFF202003EEEA5 /* trippy in Resources */,
				FAF2D2EE25EFF202003EEEA5 /* velvet in Resources */,
				FAF2D30425EFF202003EEEA5 /* blue_laser in Resources */,
				FAF2D2FA25EFF202003EEEA5 /* night_rider in Resources */,
				FAF2D2F125EFF202003EEEA5 /* vhs in Resources */,
				FAF2D2F925EFF202003EEEA5 /* super_grainy in Resources */,
				FAF2D2FE25EFF202003EEEA5 /* blood_moon in Resources */,
				FAF2D2F225EFF202003EEEA5 /* caustics in Resources */,
				FAF2D2FB25EFF202003EEEA5 /* thermal_vision in Resources */,
				FAF2D2FF25EFF202003EEEA5 /* static in Resources */,
				FAF2D30525EFF202003EEEA5 /* stars in Resources */,
				FAF2D2F525EFF202003EEEA5 /* velvet-2 in Resources */,
				FAF2D2F625EFF202003EEEA5 /* glitch_v2 in Resources */,
				FAF2D2F025EFF202003EEEA5 /* old_film_dust in Resources */,
				FAF2D2FC25EFF202003EEEA5 /* fireflies in Resources */,
				FAF2D2E925EFF202003EEEA5 /* green_laser in Resources */,
				FAF2D2E525EFF202003EEEA5 /* cyber_ghost in Resources */,
				FAF2D2E425EFF202003EEEA5 /* club_party_lights in Resources */,
				FAF2D2EA25EFF202003EEEA5 /* lens_flare in Resources */,
				FAF2D2E325EFF202003EEEA5 /* overlay_fire in Resources */,
				FAF2D30225EFF202003EEEA5 /* night_vision in Resources */,
				FAF2D2EC25EFF202003EEEA5 /* smoke in Resources */,
				FAF2D2E725EFF202003EEEA5 /* glowygoo in Resources */,
			);
			runOnlyForDeploymentPostprocessing = 0;
		};
		ABB04E7A2515A8140038D75C /* Resources */ = {
			isa = PBXResourcesBuildPhase;
			buildActionMask = 2147483647;
			files = (
				FAF2D2AC25EFD137003EEEA5 /* lens_flare in Resources */,
				FAF2D2A825EFD137003EEEA5 /* club_party_lights in Resources */,
				FAF2D2A725EFD137003EEEA5 /* dreamy_bloom in Resources */,
				FAF2D2A925EFD137003EEEA5 /* stars in Resources */,
				FAF2D2AB25EFD137003EEEA5 /* overlay_fire in Resources */,
				FAF2D2B025EFD137003EEEA5 /* matrix in Resources */,
				FAF2D2AE25EFD137003EEEA5 /* chromatic_aberration in Resources */,
				FAF2D2B725EFD137003EEEA5 /* glowygoo in Resources */,
				FAF2D2B825EFD137003EEEA5 /* fireflies in Resources */,
				FAF2D2A025EFD137003EEEA5 /* night_vision in Resources */,
				FAF2D29F25EFD137003EEEA5 /* trippy in Resources */,
				FAF2D2BA25EFD137003EEEA5 /* smoke in Resources */,
				FAF2D2B625EFD137003EEEA5 /* old_film in Resources */,
				FAF2D2BC25EFD137003EEEA5 /* static in Resources */,
				FAF2D2A525EFD137003EEEA5 /* old_film_dust in Resources */,
				FAF2D2AD25EFD137003EEEA5 /* bone in Resources */,
				FAF2D2AA25EFD137003EEEA5 /* super_grainy in Resources */,
				ABB04E832515A8160038D75C /* Assets.xcassets in Resources */,
				FAF2D29E25EFD137003EEEA5 /* trident_splash in Resources */,
				FAF2D2B125EFD137003EEEA5 /* blood_moon in Resources */,
				FAF2D2B425EFD137003EEEA5 /* green_laser in Resources */,
				FAF2D29D25EFD137003EEEA5 /* glitch in Resources */,
				FAF2D29C25EFD137003EEEA5 /* blue_laser in Resources */,
				FAF2D2A125EFD137003EEEA5 /* mad_max in Resources */,
				FAF2D2A425EFD137003EEEA5 /* displaced_glow in Resources */,
				FAF2D2B525EFD137003EEEA5 /* green_vision in Resources */,
				ABB04E862515A8160038D75C /* Main.storyboard in Resources */,
				FAF2D29925EFD137003EEEA5 /* glitter in Resources */,
				FAF2D2B925EFD137003EEEA5 /* thermal_vision in Resources */,
				FAF2D2A325EFD137003EEEA5 /* caustics in Resources */,
				FAF2D2BB25EFD137003EEEA5 /* velvet-2 in Resources */,
				FAF2D2B325EFD137003EEEA5 /* bubble_gum in Resources */,
				FAF2D27125EFBE1F003EEEA5 /* FilterCollectionViewItem.xib in Resources */,
				FAF2D2A225EFD137003EEEA5 /* vhs in Resources */,
				FAF2D2BD25EFD137003EEEA5 /* b&w in Resources */,
				FAF2D2B225EFD137003EEEA5 /* cyber_ghost in Resources */,
				FAF2D2A625EFD137003EEEA5 /* glitch_v2 in Resources */,
				FAF2D29B25EFD137003EEEA5 /* velvet in Resources */,
				FAF2D29A25EFD137003EEEA5 /* night_rider in Resources */,
				FAF2D2AF25EFD137003EEEA5 /* static_strong in Resources */,
			);
			runOnlyForDeploymentPostprocessing = 0;
		};
/* End PBXResourcesBuildPhase section */

/* Begin PBXSourcesBuildPhase section */
		ABB04E482515477A0038D75C /* Sources */ = {
			isa = PBXSourcesBuildPhase;
			buildActionMask = 2147483647;
			files = (
				ABB04E662515481A0038D75C /* Main.swift in Sources */,
				ABB04EB325194A7D0038D75C /* SettingsPasteboard.swift in Sources */,
				ABB04E642515481A0038D75C /* Property.swift in Sources */,
				ABB04E682515481A0038D75C /* Plugin.swift in Sources */,
				ABB04E7225154B1F0038D75C /* Device.swift in Sources */,
				ABB04E632515481A0038D75C /* PluginInterface.swift in Sources */,
				ABB04EB125194A7D0038D75C /* Config.swift in Sources */,
				ABB04E6A2515481A0038D75C /* CameraCapture.swift in Sources */,
				ABB04E6B2515481A0038D75C /* VideoComposer.swift in Sources */,
				ABB04E622515481A0038D75C /* CVPixelBuffer+SimpleDALPlugin.swift in Sources */,
				ABB04E672515481A0038D75C /* Object.swift in Sources */,
				ABB04E692515481A0038D75C /* Log.swift in Sources */,
				ABB04E652515481A0038D75C /* Stream.swift in Sources */,
			);
			runOnlyForDeploymentPostprocessing = 0;
		};
		ABB04E782515A8140038D75C /* Sources */ = {
			isa = PBXSourcesBuildPhase;
			buildActionMask = 2147483647;
			files = (
				FAF2D26725EFA3BA003EEEA5 /* FilterObject.swift in Sources */,
				ABB04E9D25162D310038D75C /* WindowController.swift in Sources */,
				FAF2D26525EFA270003EEEA5 /* Filters.swift in Sources */,
				FAF2D27325EFC83D003EEEA5 /* SettingsViewController.swift in Sources */,
				ABB04EB225194A7D0038D75C /* Config.swift in Sources */,
				ABB04E812515A8140038D75C /* ViewController.swift in Sources */,
				FAEB5B7E25E65303009273E7 /* SampleComposerObj.swift in Sources */,
				ABB04E7F2515A8140038D75C /* AppDelegate.swift in Sources */,
				FAF2D26325EFA195003EEEA5 /* FilterCollectionViewItem.swift in Sources */,
				ABB04EB425194A7D0038D75C /* SettingsPasteboard.swift in Sources */,
			);
			runOnlyForDeploymentPostprocessing = 0;
		};
/* End PBXSourcesBuildPhase section */

/* Begin PBXVariantGroup section */
		ABB04E842515A8160038D75C /* Main.storyboard */ = {
			isa = PBXVariantGroup;
			children = (
				ABB04E852515A8160038D75C /* Base */,
			);
			name = Main.storyboard;
			sourceTree = "<group>";
		};
/* End PBXVariantGroup section */

/* Begin XCBuildConfiguration section */
		ABB04E502515477A0038D75C /* Debug */ = {
			isa = XCBuildConfiguration;
			buildSettings = {
				ALWAYS_SEARCH_USER_PATHS = NO;
				CLANG_ANALYZER_NONNULL = YES;
				CLANG_ANALYZER_NUMBER_OBJECT_CONVERSION = YES_AGGRESSIVE;
				CLANG_CXX_LANGUAGE_STANDARD = "gnu++14";
				CLANG_CXX_LIBRARY = "libc++";
				CLANG_ENABLE_MODULES = YES;
				CLANG_ENABLE_OBJC_ARC = YES;
				CLANG_ENABLE_OBJC_WEAK = YES;
				CLANG_WARN_BLOCK_CAPTURE_AUTORELEASING = YES;
				CLANG_WARN_BOOL_CONVERSION = YES;
				CLANG_WARN_COMMA = YES;
				CLANG_WARN_CONSTANT_CONVERSION = YES;
				CLANG_WARN_DEPRECATED_OBJC_IMPLEMENTATIONS = YES;
				CLANG_WARN_DIRECT_OBJC_ISA_USAGE = YES_ERROR;
				CLANG_WARN_DOCUMENTATION_COMMENTS = YES;
				CLANG_WARN_EMPTY_BODY = YES;
				CLANG_WARN_ENUM_CONVERSION = YES;
				CLANG_WARN_INFINITE_RECURSION = YES;
				CLANG_WARN_INT_CONVERSION = YES;
				CLANG_WARN_NON_LITERAL_NULL_CONVERSION = YES;
				CLANG_WARN_OBJC_IMPLICIT_RETAIN_SELF = YES;
				CLANG_WARN_OBJC_LITERAL_CONVERSION = YES;
				CLANG_WARN_OBJC_ROOT_CLASS = YES_ERROR;
				CLANG_WARN_QUOTED_INCLUDE_IN_FRAMEWORK_HEADER = YES;
				CLANG_WARN_RANGE_LOOP_ANALYSIS = YES;
				CLANG_WARN_STRICT_PROTOTYPES = YES;
				CLANG_WARN_SUSPICIOUS_MOVE = YES;
				CLANG_WARN_UNGUARDED_AVAILABILITY = YES_AGGRESSIVE;
				CLANG_WARN_UNREACHABLE_CODE = YES;
				CLANG_WARN__DUPLICATE_METHOD_MATCH = YES;
				COPY_PHASE_STRIP = NO;
				DEBUG_INFORMATION_FORMAT = dwarf;
				ENABLE_STRICT_OBJC_MSGSEND = YES;
				ENABLE_TESTABILITY = YES;
				GCC_C_LANGUAGE_STANDARD = gnu11;
				GCC_DYNAMIC_NO_PIC = NO;
				GCC_NO_COMMON_BLOCKS = YES;
				GCC_OPTIMIZATION_LEVEL = 0;
				GCC_PREPROCESSOR_DEFINITIONS = (
					"DEBUG=1",
					"$(inherited)",
				);
				GCC_WARN_64_TO_32_BIT_CONVERSION = YES;
				GCC_WARN_ABOUT_RETURN_TYPE = YES_ERROR;
				GCC_WARN_UNDECLARED_SELECTOR = YES;
				GCC_WARN_UNINITIALIZED_AUTOS = YES_AGGRESSIVE;
				GCC_WARN_UNUSED_FUNCTION = YES;
				GCC_WARN_UNUSED_VARIABLE = YES;
				MACOSX_DEPLOYMENT_TARGET = 10.15;
				MTL_ENABLE_DEBUG_INFO = INCLUDE_SOURCE;
				MTL_FAST_MATH = YES;
				ONLY_ACTIVE_ARCH = YES;
				OTHER_CODE_SIGN_FLAGS = "";
				SDKROOT = macosx;
			};
			name = Debug;
		};
		ABB04E512515477A0038D75C /* Release */ = {
			isa = XCBuildConfiguration;
			buildSettings = {
				ALWAYS_SEARCH_USER_PATHS = NO;
				CLANG_ANALYZER_NONNULL = YES;
				CLANG_ANALYZER_NUMBER_OBJECT_CONVERSION = YES_AGGRESSIVE;
				CLANG_CXX_LANGUAGE_STANDARD = "gnu++14";
				CLANG_CXX_LIBRARY = "libc++";
				CLANG_ENABLE_MODULES = YES;
				CLANG_ENABLE_OBJC_ARC = YES;
				CLANG_ENABLE_OBJC_WEAK = YES;
				CLANG_WARN_BLOCK_CAPTURE_AUTORELEASING = YES;
				CLANG_WARN_BOOL_CONVERSION = YES;
				CLANG_WARN_COMMA = YES;
				CLANG_WARN_CONSTANT_CONVERSION = YES;
				CLANG_WARN_DEPRECATED_OBJC_IMPLEMENTATIONS = YES;
				CLANG_WARN_DIRECT_OBJC_ISA_USAGE = YES_ERROR;
				CLANG_WARN_DOCUMENTATION_COMMENTS = YES;
				CLANG_WARN_EMPTY_BODY = YES;
				CLANG_WARN_ENUM_CONVERSION = YES;
				CLANG_WARN_INFINITE_RECURSION = YES;
				CLANG_WARN_INT_CONVERSION = YES;
				CLANG_WARN_NON_LITERAL_NULL_CONVERSION = YES;
				CLANG_WARN_OBJC_IMPLICIT_RETAIN_SELF = YES;
				CLANG_WARN_OBJC_LITERAL_CONVERSION = YES;
				CLANG_WARN_OBJC_ROOT_CLASS = YES_ERROR;
				CLANG_WARN_QUOTED_INCLUDE_IN_FRAMEWORK_HEADER = YES;
				CLANG_WARN_RANGE_LOOP_ANALYSIS = YES;
				CLANG_WARN_STRICT_PROTOTYPES = YES;
				CLANG_WARN_SUSPICIOUS_MOVE = YES;
				CLANG_WARN_UNGUARDED_AVAILABILITY = YES_AGGRESSIVE;
				CLANG_WARN_UNREACHABLE_CODE = YES;
				CLANG_WARN__DUPLICATE_METHOD_MATCH = YES;
				COPY_PHASE_STRIP = NO;
				DEBUG_INFORMATION_FORMAT = "dwarf-with-dsym";
				ENABLE_NS_ASSERTIONS = NO;
				ENABLE_STRICT_OBJC_MSGSEND = YES;
				GCC_C_LANGUAGE_STANDARD = gnu11;
				GCC_NO_COMMON_BLOCKS = YES;
				GCC_WARN_64_TO_32_BIT_CONVERSION = YES;
				GCC_WARN_ABOUT_RETURN_TYPE = YES_ERROR;
				GCC_WARN_UNDECLARED_SELECTOR = YES;
				GCC_WARN_UNINITIALIZED_AUTOS = YES_AGGRESSIVE;
				GCC_WARN_UNUSED_FUNCTION = YES;
				GCC_WARN_UNUSED_VARIABLE = YES;
				MACOSX_DEPLOYMENT_TARGET = 10.15;
				MTL_ENABLE_DEBUG_INFO = NO;
				MTL_FAST_MATH = YES;
				OTHER_CODE_SIGN_FLAGS = "";
				SDKROOT = macosx;
			};
			name = Release;
		};
		ABB04E532515477A0038D75C /* Debug */ = {
			isa = XCBuildConfiguration;
			buildSettings = {
				CLANG_ENABLE_MODULES = YES;
				CODE_SIGN_IDENTITY = "Apple Development";
				CODE_SIGN_INJECT_BASE_ENTITLEMENTS = YES;
				CODE_SIGN_STYLE = Automatic;
				COMBINE_HIDPI_IMAGES = YES;
				DEVELOPMENT_TEAM = 4F9TM6955T;
				ENABLE_HARDENED_RUNTIME = NO;
				FRAMEWORK_SEARCH_PATHS = (
					"$(inherited)",
					"$(PROJECT_DIR)/VirtualCameraSample",
				);
				INFOPLIST_FILE = VirtualCameraSample/Info.plist;
				INSTALL_PATH = "$(LOCAL_LIBRARY_DIR)/Bundles";
				LD_RUNPATH_SEARCH_PATHS = (
					"$(inherited)",
					"@executable_path/../Frameworks",
					"@loader_path/../Frameworks",
				);
				OTHER_CODE_SIGN_FLAGS = "";
				PRODUCT_BUNDLE_IDENTIFIER = tokyo.shmdevelopment.VirtualCameraSample;
				PRODUCT_NAME = "$(TARGET_NAME)";
				SKIP_INSTALL = YES;
				SWIFT_OBJC_BRIDGING_HEADER = "VirtualCameraSample/VirtualCameraSample-Bridging-Header.h";
				SWIFT_OPTIMIZATION_LEVEL = "-Onone";
				SWIFT_VERSION = 5.0;
				WRAPPER_EXTENSION = plugin;
			};
			name = Debug;
		};
		ABB04E542515477A0038D75C /* Release */ = {
			isa = XCBuildConfiguration;
			buildSettings = {
				CLANG_ENABLE_MODULES = YES;
				CODE_SIGN_IDENTITY = "Apple Development";
				CODE_SIGN_INJECT_BASE_ENTITLEMENTS = YES;
				CODE_SIGN_STYLE = Automatic;
				COMBINE_HIDPI_IMAGES = YES;
				DEVELOPMENT_TEAM = 4F9TM6955T;
				ENABLE_HARDENED_RUNTIME = NO;
				FRAMEWORK_SEARCH_PATHS = (
					"$(inherited)",
					"$(PROJECT_DIR)/VirtualCameraSample",
				);
				INFOPLIST_FILE = VirtualCameraSample/Info.plist;
				INSTALL_PATH = "$(LOCAL_LIBRARY_DIR)/Bundles";
				LD_RUNPATH_SEARCH_PATHS = (
					"$(inherited)",
					"@executable_path/../Frameworks",
					"@loader_path/../Frameworks",
				);
				OTHER_CODE_SIGN_FLAGS = "";
				PRODUCT_BUNDLE_IDENTIFIER = tokyo.shmdevelopment.VirtualCameraSample;
				PRODUCT_NAME = "$(TARGET_NAME)";
				SKIP_INSTALL = YES;
				SWIFT_OBJC_BRIDGING_HEADER = "VirtualCameraSample/VirtualCameraSample-Bridging-Header.h";
				SWIFT_VERSION = 5.0;
				WRAPPER_EXTENSION = plugin;
			};
			name = Release;
		};
		ABB04E8A2515A8160038D75C /* Debug */ = {
			isa = XCBuildConfiguration;
			buildSettings = {
				ASSETCATALOG_COMPILER_APPICON_NAME = AppIcon;
				ASSETCATALOG_COMPILER_GLOBAL_ACCENT_COLOR_NAME = AccentColor;
				CODE_SIGN_ENTITLEMENTS = VirtualCameraSampleController/VirtualCameraSampleController.entitlements;
				CODE_SIGN_STYLE = Automatic;
				COMBINE_HIDPI_IMAGES = YES;
				DEVELOPMENT_TEAM = 4F9TM6955T;
				ENABLE_HARDENED_RUNTIME = YES;
				FRAMEWORK_SEARCH_PATHS = (
					"$(inherited)",
					"$(PROJECT_DIR)/VirtualCameraSample",
				);
				INFOPLIST_FILE = VirtualCameraSampleController/Info.plist;
				LD_RUNPATH_SEARCH_PATHS = (
					"$(inherited)",
					"@executable_path/../Frameworks",
				);
				MACOSX_DEPLOYMENT_TARGET = 10.14;
				PRODUCT_BUNDLE_IDENTIFIER = tokyo.shmdevelopment.VirtualCameraSampleController;
				PRODUCT_NAME = "$(TARGET_NAME)";
				SWIFT_ACTIVE_COMPILATION_CONDITIONS = DEBUG;
				SWIFT_OBJC_BRIDGING_HEADER = "VirtualCameraSampleController/VirtualCameraSampleController-Bridging-Header.h";
				SWIFT_OPTIMIZATION_LEVEL = "-Onone";
				SWIFT_VERSION = 5.0;
			};
			name = Debug;
		};
		ABB04E8B2515A8160038D75C /* Release */ = {
			isa = XCBuildConfiguration;
			buildSettings = {
				ASSETCATALOG_COMPILER_APPICON_NAME = AppIcon;
				ASSETCATALOG_COMPILER_GLOBAL_ACCENT_COLOR_NAME = AccentColor;
				CODE_SIGN_ENTITLEMENTS = VirtualCameraSampleController/VirtualCameraSampleController.entitlements;
				CODE_SIGN_STYLE = Automatic;
				COMBINE_HIDPI_IMAGES = YES;
				DEVELOPMENT_TEAM = 4F9TM6955T;
				ENABLE_HARDENED_RUNTIME = YES;
				FRAMEWORK_SEARCH_PATHS = (
					"$(inherited)",
					"$(PROJECT_DIR)/VirtualCameraSample",
				);
				INFOPLIST_FILE = VirtualCameraSampleController/Info.plist;
				LD_RUNPATH_SEARCH_PATHS = (
					"$(inherited)",
					"@executable_path/../Frameworks",
				);
				MACOSX_DEPLOYMENT_TARGET = 10.14;
				PRODUCT_BUNDLE_IDENTIFIER = tokyo.shmdevelopment.VirtualCameraSampleController;
				PRODUCT_NAME = "$(TARGET_NAME)";
				SWIFT_COMPILATION_MODE = wholemodule;
				SWIFT_OBJC_BRIDGING_HEADER = "VirtualCameraSampleController/VirtualCameraSampleController-Bridging-Header.h";
				SWIFT_OPTIMIZATION_LEVEL = "-O";
				SWIFT_VERSION = 5.0;
			};
			name = Release;
		};
/* End XCBuildConfiguration section */

/* Begin XCConfigurationList section */
		ABB04E472515477A0038D75C /* Build configuration list for PBXProject "VirtualCameraSample" */ = {
			isa = XCConfigurationList;
			buildConfigurations = (
				ABB04E502515477A0038D75C /* Debug */,
				ABB04E512515477A0038D75C /* Release */,
			);
			defaultConfigurationIsVisible = 0;
			defaultConfigurationName = Release;
		};
		ABB04E522515477A0038D75C /* Build configuration list for PBXNativeTarget "VirtualCameraSample" */ = {
			isa = XCConfigurationList;
			buildConfigurations = (
				ABB04E532515477A0038D75C /* Debug */,
				ABB04E542515477A0038D75C /* Release */,
			);
			defaultConfigurationIsVisible = 0;
			defaultConfigurationName = Release;
		};
		ABB04E892515A8160038D75C /* Build configuration list for PBXNativeTarget "VirtualCameraSampleController" */ = {
			isa = XCConfigurationList;
			buildConfigurations = (
				ABB04E8A2515A8160038D75C /* Debug */,
				ABB04E8B2515A8160038D75C /* Release */,
			);
			defaultConfigurationIsVisible = 0;
			defaultConfigurationName = Release;
		};
/* End XCConfigurationList section */
	};
	rootObject = ABB04E442515477A0038D75C /* Project object */;
}
